
Microsoft Visual Studio Solution File, Format Version 12.00
# Visual Studio Version 16
VisualStudioVersion = 16.0.30114.105
MinimumVisualStudioVersion = 10.0.40219.1
Project("{FAE04EC0-301F-11D3-BF4B-00C04F79EFBC}") = "ConsoleApp4", "ConsoleApp4\ConsoleApp4.csproj", "{D7A4E41F-2225-4ECA-B366-4A746DC171CE}"
EndProject
Global
	GlobalSection(SolutionConfigurationPlatforms) = preSolution
		Debug|Any CPU = Debug|Any CPU
		Release|Any CPU = Release|Any CPU
	EndGlobalSection
	GlobalSection(ProjectConfigurationPlatforms) = postSolution
		{D7A4E41F-2225-4ECA-B366-4A746DC171CE}.Debug|Any CPU.ActiveCfg = Debug|Any CPU
		{D7A4E41F-2225-4ECA-B366-4A746DC171CE}.Debug|Any CPU.Build.0 = Debug|Any CPU
		{D7A4E41F-2225-4ECA-B366-4A746DC171CE}.Release|Any CPU.ActiveCfg = Release|Any CPU
		{D7A4E41F-2225-4ECA-B366-4A746DC171CE}.Release|Any CPU.Build.0 = Release|Any CPU
	EndGlobalSection
	GlobalSection(SolutionProperties) = preSolution
		HideSolutionNode = FALSE
	EndGlobalSection
	GlobalSection(ExtensibilityGlobals) = postSolution
		SolutionGuid = {17DF2FC6-9836-4190-93C9-73CF2F0581C0}
	EndGlobalSection
EndGlobal
